
Microsoft Visual Studio Solution File, Format Version 12.00
Project("{FAE04EC0-301F-11D3-BF4B-00C04F79EFBC}") = "WaframeDiscordBot", "WaframeDiscordBot.csproj", "{F9746AB6-93DC-49CC-A1FF-96E67199BD3A}"
EndProject
Global
	GlobalSection(SolutionConfigurationPlatforms) = preSolution
		Debug|Any CPU = Debug|Any CPU
		Release|Any CPU = Release|Any CPU
	EndGlobalSection
	GlobalSection(ProjectConfigurationPlatforms) = postSolution
		{F9746AB6-93DC-49CC-A1FF-96E67199BD3A}.Debug|Any CPU.ActiveCfg = Debug|Any CPU
		{F9746AB6-93DC-49CC-A1FF-96E67199BD3A}.Debug|Any CPU.Build.0 = Debug|Any CPU
		{F9746AB6-93DC-49CC-A1FF-96E67199BD3A}.Release|Any CPU.ActiveCfg = Release|Any CPU
		{F9746AB6-93DC-49CC-A1FF-96E67199BD3A}.Release|Any CPU.Build.0 = Release|Any CPU
	EndGlobalSection
EndGlobal
